<?xml version="1.0" encoding="utf-8"?>
<Project ToolsVersion="4.0" xmlns="http://schemas.microsoft.com/developer/msbuild/2003">
  <ItemGroup>
    <Filter Include="源文件">
      <UniqueIdentifier>{4FC737F1-C7A5-4376-A066-2A32D752A2FF}</UniqueIdentifier>
      <Extensions>cpp;c;cc;cxx;c++;cppm;ixx;def;odl;idl;hpj;bat;asm;asmx</Extensions>
    </Filter>
    <Filter Include="头文件">
      <UniqueIdentifier>{93995380-89BD-4b04-88EB-625FBE52EBFB}</UniqueIdentifier>
      <Extensions>h;hh;hpp;hxx;h++;hm;inl;inc;ipp;xsd</Extensions>
    </Filter>
    <Filter Include="资源文件">
      <UniqueIdentifier>{67DA6AB6-F800-4c08-8B7A-83BB121AAD01}</UniqueIdentifier>
      <Extensions>rc;ico;cur;bmp;dlg;rc2;rct;bin;rgs;gif;jpg;jpeg;jpe;resx;tiff;tif;png;wav;mfcribbon-ms</Extensions>
    </Filter>
    <Filter Include="头文件\Basic">
      <UniqueIdentifier>{05c35bd7-c3ad-496b-a2da-ca893e02dfe0}</UniqueIdentifier>
    </Filter>
    <Filter Include="源文件\Basic">
      <UniqueIdentifier>{c12819b3-2479-48b4-8b69-2c32b540569f}</UniqueIdentifier>
    </Filter>
    <Filter Include="头文件\Snake">
      <UniqueIdentifier>{7c72f18b-19c4-4fc4-ac29-0825f676c50b}</UniqueIdentifier>
    </Filter>
    <Filter Include="源文件\Snake">
      <UniqueIdentifier>{a37a6804-96b6-466a-92e8-012ff01fa650}</UniqueIdentifier>
    </Filter>
    <Filter Include="头文件\Snake\Behaviors">
      <UniqueIdentifier>{0bb452a2-9e1f-4b06-978f-4b45532e4c4f}</UniqueIdentifier>
    </Filter>
    <Filter Include="源文件\Snake\Behaviors">
      <UniqueIdentifier>{acd48bd8-071b-4c9a-aa58-2283192d3736}</UniqueIdentifier>
    </Filter>
    <Filter Include="头文件\GLSupport">
      <UniqueIdentifier>{b225828a-906a-474a-bf6d-f1809ca330a1}</UniqueIdentifier>
    </Filter>
    <Filter Include="源文件\GLSupport">
      <UniqueIdentifier>{2445a4cd-bcab-40d2-accc-42f7131d10ed}</UniqueIdentifier>
    </Filter>
  </ItemGroup>
  <ItemGroup>
    <ClCompile Include="Snake.cpp">
      <Filter>源文件</Filter>
    </ClCompile>
    <ClCompile Include="Game.cpp">
      <Filter>源文件</Filter>
    </ClCompile>
    <ClCompile Include="GBehavior.cpp">
      <Filter>源文件\Basic</Filter>
    </ClCompile>
    <ClCompile Include="GMoveableObject.cpp">
      <Filter>源文件\Basic</Filter>
    </ClCompile>
    <ClCompile Include="GObject.cpp">
      <Filter>源文件\Basic</Filter>
    </ClCompile>
    <ClCompile Include="GMOSnake.cpp">
      <Filter>源文件\Snake</Filter>
    </ClCompile>
    <ClCompile Include="GBSnakeMoveBasicExample.cpp">
      <Filter>源文件\Snake\Behaviors</Filter>
    </ClCompile>
    <ClCompile Include="GOFood.cpp">
      <Filter>源文件\Snake</Filter>
    </ClCompile>
    <ClCompile Include="GBSnakeMoveUserControl.cpp">
      <Filter>源文件\Snake\Behaviors</Filter>
    </ClCompile>
    <ClCompile Include="GBSnakeCheckDeath.cpp">
      <Filter>源文件\Snake\Behaviors</Filter>
    </ClCompile>
    <ClCompile Include="GBSnakeCheckFood.cpp">
      <Filter>源文件\Snake\Behaviors</Filter>
    </ClCompile>
    <ClCompile Include="VertexArray.cpp">
      <Filter>源文件\GLSupport</Filter>
    </ClCompile>
    <ClCompile Include="Shader.cpp">
      <Filter>源文件\GLSupport</Filter>
    </ClCompile>
    <ClCompile Include="Math.cpp">
      <Filter>源文件\GLSupport</Filter>
    </ClCompile>
  </ItemGroup>
  <ItemGroup>
    <ClInclude Include="sdl_include.h">
      <Filter>头文件</Filter>
    </ClInclude>
    <ClInclude Include="Game.h">
      <Filter>头文件</Filter>
    </ClInclude>
    <ClInclude Include="GMoveableObject.h">
      <Filter>头文件\Basic</Filter>
    </ClInclude>
    <ClInclude Include="GObject.h">
      <Filter>头文件\Basic</Filter>
    </ClInclude>
    <ClInclude Include="GBehavior.h">
      <Filter>头文件\Basic</Filter>
    </ClInclude>
    <ClInclude Include="GMOSnake.h">
      <Filter>头文件\Snake</Filter>
    </ClInclude>
    <ClInclude Include="GBSnakeMoveBasicExample.h">
      <Filter>头文件\Snake\Behaviors</Filter>
    </ClInclude>
    <ClInclude Include="GOFood.h">
      <Filter>头文件\Snake</Filter>
    </ClInclude>
    <ClInclude Include="GBSnakeMoveUserControl.h">
      <Filter>头文件\Snake\Behaviors</Filter>
    </ClInclude>
    <ClInclude Include="GBSnakeCheckDeath.h">
      <Filter>头文件\Snake\Behaviors</Filter>
    </ClInclude>
    <ClInclude Include="GBSnakeCheckFood.h">
      <Filter>头文件\Snake\Behaviors</Filter>
    </ClInclude>
    <ClInclude Include="VertexArray.h">
      <Filter>头文件\GLSupport</Filter>
    </ClInclude>
    <ClInclude Include="Shader.h">
      <Filter>头文件\GLSupport</Filter>
    </ClInclude>
    <ClInclude Include="Math.h">
      <Filter>头文件\GLSupport</Filter>
    </ClInclude>
  </ItemGroup>
</Project>